
Microsoft Visual Studio Solution File, Format Version 12.00
# Visual Studio Version 16
VisualStudioVersion = 16.0.32126.315
MinimumVisualStudioVersion = 10.0.40219.1
Project("{FAE04EC0-301F-11D3-BF4B-00C04F79EFBC}") = "PracticaHilos", "PracticaHilos.csproj", "{3030CB44-29AF-455F-8C0F-97C1684DD569}"
EndProject
Global
	GlobalSection(SolutionConfigurationPlatforms) = preSolution
		Debug|Any CPU = Debug|Any CPU
		Release|Any CPU = Release|Any CPU
	EndGlobalSection
	GlobalSection(ProjectConfigurationPlatforms) = postSolution
		{3030CB44-29AF-455F-8C0F-97C1684DD569}.Debug|Any CPU.ActiveCfg = Debug|Any CPU
		{3030CB44-29AF-455F-8C0F-97C1684DD569}.Debug|Any CPU.Build.0 = Debug|Any CPU
		{3030CB44-29AF-455F-8C0F-97C1684DD569}.Release|Any CPU.ActiveCfg = Release|Any CPU
		{3030CB44-29AF-455F-8C0F-97C1684DD569}.Release|Any CPU.Build.0 = Release|Any CPU
	EndGlobalSection
	GlobalSection(SolutionProperties) = preSolution
		HideSolutionNode = FALSE
	EndGlobalSection
	GlobalSection(ExtensibilityGlobals) = postSolution
		SolutionGuid = {C27CA6AD-4CBB-4B30-A273-A5C15D59441F}
	EndGlobalSection
EndGlobal
